// !$*UTF8*$!
{
	archiveVersion = 1;
	classes = {
	};
	objectVersion = 56;
	objects = {

/* Begin PBXBuildFile section */
		094465D72991643200F5D5C8 /* other code.swift in Sources */ = {isa = PBXBuildFile; fileRef = 094465D62991643200F5D5C8 /* other code.swift */; };
		09E9C2C0298D4F1300B58776 /* Button Screen.swift in Sources */ = {isa = PBXBuildFile; fileRef = 09E9C2BF298D4F1300B58776 /* Button Screen.swift */; };
		1F35B7F529895AAD00772065 /* nopalesappApp.swift in Sources */ = {isa = PBXBuildFile; fileRef = 1F35B7F429895AAD00772065 /* nopalesappApp.swift */; };
		1F35B7F729895AAD00772065 /* ContentView.swift in Sources */ = {isa = PBXBuildFile; fileRef = 1F35B7F629895AAD00772065 /* ContentView.swift */; };
		1F35B7F929895AAE00772065 /* Assets.xcassets in Resources */ = {isa = PBXBuildFile; fileRef = 1F35B7F829895AAE00772065 /* Assets.xcassets */; };
		1F35B7FC29895AAE00772065 /* Preview Assets.xcassets in Resources */ = {isa = PBXBuildFile; fileRef = 1F35B7FB29895AAE00772065 /* Preview Assets.xcassets */; };
		1F35B80629895AAF00772065 /* nopalesappTests.swift in Sources */ = {isa = PBXBuildFile; fileRef = 1F35B80529895AAF00772065 /* nopalesappTests.swift */; };
		1F35B81029895AAF00772065 /* nopalesappUITests.swift in Sources */ = {isa = PBXBuildFile; fileRef = 1F35B80F29895AAF00772065 /* nopalesappUITests.swift */; };
		1F35B81229895AAF00772065 /* nopalesappUITestsLaunchTests.swift in Sources */ = {isa = PBXBuildFile; fileRef = 1F35B81129895AAF00772065 /* nopalesappUITestsLaunchTests.swift */; };
		1F699DC72992D28100279A5F /* PinterestGrid.swift in Sources */ = {isa = PBXBuildFile; fileRef = 1F699DC62992D28100279A5F /* PinterestGrid.swift */; };
		9D068290299154BC0081C8D4 /* BusinessView.swift in Sources */ = {isa = PBXBuildFile; fileRef = 9D06828F299154BC0081C8D4 /* BusinessView.swift */; };
/* End PBXBuildFile section */

/* Begin PBXContainerItemProxy section */
		1F35B80229895AAF00772065 /* PBXContainerItemProxy */ = {
			isa = PBXContainerItemProxy;
			containerPortal = 1F35B7E929895AAD00772065 /* Project object */;
			proxyType = 1;
			remoteGlobalIDString = 1F35B7F029895AAD00772065;
			remoteInfo = nopalesapp;
		};
		1F35B80C29895AAF00772065 /* PBXContainerItemProxy */ = {
			isa = PBXContainerItemProxy;
			containerPortal = 1F35B7E929895AAD00772065 /* Project object */;
			proxyType = 1;
			remoteGlobalIDString = 1F35B7F029895AAD00772065;
			remoteInfo = nopalesapp;
		};
/* End PBXContainerItemProxy section */

/* Begin PBXFileReference section */
		094465D62991643200F5D5C8 /* other code.swift */ = {isa = PBXFileReference; lastKnownFileType = sourcecode.swift; path = "other code.swift"; sourceTree = "<group>"; };
		09E9C2BF298D4F1300B58776 /* Button Screen.swift */ = {isa = PBXFileReference; lastKnownFileType = sourcecode.swift; path = "Button Screen.swift"; sourceTree = "<group>"; };
		1F35B7F129895AAD00772065 /* nopalesapp.app */ = {isa = PBXFileReference; explicitFileType = wrapper.application; includeInIndex = 0; path = nopalesapp.app; sourceTree = BUILT_PRODUCTS_DIR; };
		1F35B7F429895AAD00772065 /* nopalesappApp.swift */ = {isa = PBXFileReference; lastKnownFileType = sourcecode.swift; path = nopalesappApp.swift; sourceTree = "<group>"; };
		1F35B7F629895AAD00772065 /* ContentView.swift */ = {isa = PBXFileReference; lastKnownFileType = sourcecode.swift; path = ContentView.swift; sourceTree = "<group>"; };
		1F35B7F829895AAE00772065 /* Assets.xcassets */ = {isa = PBXFileReference; lastKnownFileType = folder.assetcatalog; path = Assets.xcassets; sourceTree = "<group>"; };
		1F35B7FB29895AAE00772065 /* Preview Assets.xcassets */ = {isa = PBXFileReference; lastKnownFileType = folder.assetcatalog; path = "Preview Assets.xcassets"; sourceTree = "<group>"; };
		1F35B80129895AAF00772065 /* nopalesappTests.xctest */ = {isa = PBXFileReference; explicitFileType = wrapper.cfbundle; includeInIndex = 0; path = nopalesappTests.xctest; sourceTree = BUILT_PRODUCTS_DIR; };
		1F35B80529895AAF00772065 /* nopalesappTests.swift */ = {isa = PBXFileReference; lastKnownFileType = sourcecode.swift; path = nopalesappTests.swift; sourceTree = "<group>"; };
		1F35B80B29895AAF00772065 /* nopalesappUITests.xctest */ = {isa = PBXFileReference; explicitFileType = wrapper.cfbundle; includeInIndex = 0; path = nopalesappUITests.xctest; sourceTree = BUILT_PRODUCTS_DIR; };
		1F35B80F29895AAF00772065 /* nopalesappUITests.swift */ = {isa = PBXFileReference; lastKnownFileType = sourcecode.swift; path = nopalesappUITests.swift; sourceTree = "<group>"; };
		1F35B81129895AAF00772065 /* nopalesappUITestsLaunchTests.swift */ = {isa = PBXFileReference; lastKnownFileType = sourcecode.swift; path = nopalesappUITestsLaunchTests.swift; sourceTree = "<group>"; };
		1F699DC62992D28100279A5F /* PinterestGrid.swift */ = {isa = PBXFileReference; lastKnownFileType = sourcecode.swift; path = PinterestGrid.swift; sourceTree = "<group>"; };
		9D06828F299154BC0081C8D4 /* BusinessView.swift */ = {isa = PBXFileReference; lastKnownFileType = sourcecode.swift; path = BusinessView.swift; sourceTree = "<group>"; };
/* End PBXFileReference section */

/* Begin PBXFrameworksBuildPhase section */
		1F35B7EE29895AAD00772065 /* Frameworks */ = {
			isa = PBXFrameworksBuildPhase;
			buildActionMask = 2147483647;
			files = (
			);
			runOnlyForDeploymentPostprocessing = 0;
		};
		1F35B7FE29895AAF00772065 /* Frameworks */ = {
			isa = PBXFrameworksBuildPhase;
			buildActionMask = 2147483647;
			files = (
			);
			runOnlyForDeploymentPostprocessing = 0;
		};
		1F35B80829895AAF00772065 /* Frameworks */ = {
			isa = PBXFrameworksBuildPhase;
			buildActionMask = 2147483647;
			files = (
			);
			runOnlyForDeploymentPostprocessing = 0;
		};
/* End PBXFrameworksBuildPhase section */

/* Begin PBXGroup section */
		1F35B7E829895AAD00772065 = {
			isa = PBXGroup;
			children = (
				1F35B7F329895AAD00772065 /* nopalesapp */,
				1F35B80429895AAF00772065 /* nopalesappTests */,
				1F35B80E29895AAF00772065 /* nopalesappUITests */,
				1F35B7F229895AAD00772065 /* Products */,
			);
			sourceTree = "<group>";
		};
		1F35B7F229895AAD00772065 /* Products */ = {
			isa = PBXGroup;
			children = (
				1F35B7F129895AAD00772065 /* nopalesapp.app */,
				1F35B80129895AAF00772065 /* nopalesappTests.xctest */,
				1F35B80B29895AAF00772065 /* nopalesappUITests.xctest */,
			);
			name = Products;
			sourceTree = "<group>";
		};
		1F35B7F329895AAD00772065 /* nopalesapp */ = {
			isa = PBXGroup;
			children = (
				1F35B7F429895AAD00772065 /* nopalesappApp.swift */,
				1F35B7F629895AAD00772065 /* ContentView.swift */,
				1F699DC62992D28100279A5F /* PinterestGrid.swift */,
				09E9C2BF298D4F1300B58776 /* Button Screen.swift */,
				094465D62991643200F5D5C8 /* other code.swift */,
				9D06828F299154BC0081C8D4 /* BusinessView.swift */,
				1F35B7F829895AAE00772065 /* Assets.xcassets */,
				1F35B7FA29895AAE00772065 /* Preview Content */,
			);
			path = nopalesapp;
			sourceTree = "<group>";
		};
		1F35B7FA29895AAE00772065 /* Preview Content */ = {
			isa = PBXGroup;
			children = (
				1F35B7FB29895AAE00772065 /* Preview Assets.xcassets */,
			);
			path = "Preview Content";
			sourceTree = "<group>";
		};
		1F35B80429895AAF00772065 /* nopalesappTests */ = {
			isa = PBXGroup;
			children = (
				1F35B80529895AAF00772065 /* nopalesappTests.swift */,
			);
			path = nopalesappTests;
			sourceTree = "<group>";
		};
		1F35B80E29895AAF00772065 /* nopalesappUITests */ = {
			isa = PBXGroup;
			children = (
				1F35B80F29895AAF00772065 /* nopalesappUITests.swift */,
				1F35B81129895AAF00772065 /* nopalesappUITestsLaunchTests.swift */,
			);
			path = nopalesappUITests;
			sourceTree = "<group>";
		};
/* End PBXGroup section */

/* Begin PBXNativeTarget section */
		1F35B7F029895AAD00772065 /* nopalesapp */ = {
			isa = PBXNativeTarget;
			buildConfigurationList = 1F35B81529895AAF00772065 /* Build configuration list for PBXNativeTarget "nopalesapp" */;
			buildPhases = (
				1F35B7ED29895AAD00772065 /* Sources */,
				1F35B7EE29895AAD00772065 /* Frameworks */,
				1F35B7EF29895AAD00772065 /* Resources */,
			);
			buildRules = (
			);
			dependencies = (
			);
			name = nopalesapp;
			productName = nopalesapp;
			productReference = 1F35B7F129895AAD00772065 /* nopalesapp.app */;
			productType = "com.apple.product-type.application";
		};
		1F35B80029895AAF00772065 /* nopalesappTests */ = {
			isa = PBXNativeTarget;
			buildConfigurationList = 1F35B81829895AAF00772065 /* Build configuration list for PBXNativeTarget "nopalesappTests" */;
			buildPhases = (
				1F35B7FD29895AAF00772065 /* Sources */,
				1F35B7FE29895AAF00772065 /* Frameworks */,
				1F35B7FF29895AAF00772065 /* Resources */,
			);
			buildRules = (
			);
			dependencies = (
				1F35B80329895AAF00772065 /* PBXTargetDependency */,
			);
			name = nopalesappTests;
			productName = nopalesappTests;
			productReference = 1F35B80129895AAF00772065 /* nopalesappTests.xctest */;
			productType = "com.apple.product-type.bundle.unit-test";
		};
		1F35B80A29895AAF00772065 /* nopalesappUITests */ = {
			isa = PBXNativeTarget;
			buildConfigurationList = 1F35B81B29895AAF00772065 /* Build configuration list for PBXNativeTarget "nopalesappUITests" */;
			buildPhases = (
				1F35B80729895AAF00772065 /* Sources */,
				1F35B80829895AAF00772065 /* Frameworks */,
				1F35B80929895AAF00772065 /* Resources */,
			);
			buildRules = (
			);
			dependencies = (
				1F35B80D29895AAF00772065 /* PBXTargetDependency */,
			);
			name = nopalesappUITests;
			productName = nopalesappUITests;
			productReference = 1F35B80B29895AAF00772065 /* nopalesappUITests.xctest */;
			productType = "com.apple.product-type.bundle.ui-testing";
		};
/* End PBXNativeTarget section */

/* Begin PBXProject section */
		1F35B7E929895AAD00772065 /* Project object */ = {
			isa = PBXProject;
			attributes = {
				BuildIndependentTargetsInParallel = 1;
				LastSwiftUpdateCheck = 1420;
				LastUpgradeCheck = 1420;
				TargetAttributes = {
					1F35B7F029895AAD00772065 = {
						CreatedOnToolsVersion = 14.2;
					};
					1F35B80029895AAF00772065 = {
						CreatedOnToolsVersion = 14.2;
						TestTargetID = 1F35B7F029895AAD00772065;
					};
					1F35B80A29895AAF00772065 = {
						CreatedOnToolsVersion = 14.2;
						TestTargetID = 1F35B7F029895AAD00772065;
					};
				};
			};
			buildConfigurationList = 1F35B7EC29895AAD00772065 /* Build configuration list for PBXProject "nopalesapp" */;
			compatibilityVersion = "Xcode 14.0";
			developmentRegion = en;
			hasScannedForEncodings = 0;
			knownRegions = (
				en,
				Base,
			);
			mainGroup = 1F35B7E829895AAD00772065;
			productRefGroup = 1F35B7F229895AAD00772065 /* Products */;
			projectDirPath = "";
			projectRoot = "";
			targets = (
				1F35B7F029895AAD00772065 /* nopalesapp */,
				1F35B80029895AAF00772065 /* nopalesappTests */,
				1F35B80A29895AAF00772065 /* nopalesappUITests */,
			);
		};
/* End PBXProject section */

/* Begin PBXResourcesBuildPhase section */
		1F35B7EF29895AAD00772065 /* Resources */ = {
			isa = PBXResourcesBuildPhase;
			buildActionMask = 2147483647;
			files = (
				1F35B7FC29895AAE00772065 /* Preview Assets.xcassets in Resources */,
				1F35B7F929895AAE00772065 /* Assets.xcassets in Resources */,
			);
			runOnlyForDeploymentPostprocessing = 0;
		};
		1F35B7FF29895AAF00772065 /* Resources */ = {
			isa = PBXResourcesBuildPhase;
			buildActionMask = 2147483647;
			files = (
			);
			runOnlyForDeploymentPostprocessing = 0;
		};
		1F35B80929895AAF00772065 /* Resources */ = {
			isa = PBXResourcesBuildPhase;
			buildActionMask = 2147483647;
			files = (
			);
			runOnlyForDeploymentPostprocessing = 0;
		};
/* End PBXResourcesBuildPhase section */

/* Begin PBXSourcesBuildPhase section */
		1F35B7ED29895AAD00772065 /* Sources */ = {
			isa = PBXSourcesBuildPhase;
			buildActionMask = 2147483647;
			files = (
				1F699DC72992D28100279A5F /* PinterestGrid.swift in Sources */,
				9D068290299154BC0081C8D4 /* BusinessView.swift in Sources */,
				1F35B7F729895AAD00772065 /* ContentView.swift in Sources */,
				094465D72991643200F5D5C8 /* other code.swift in Sources */,
				09E9C2C0298D4F1300B58776 /* Button Screen.swift in Sources */,
				1F35B7F529895AAD00772065 /* nopalesappApp.swift in Sources */,
			);
			runOnlyForDeploymentPostprocessing = 0;
		};
		1F35B7FD29895AAF00772065 /* Sources */ = {
			isa = PBXSourcesBuildPhase;
			buildActionMask = 2147483647;
			files = (
				1F35B80629895AAF00772065 /* nopalesappTests.swift in Sources */,
			);
			runOnlyForDeploymentPostprocessing = 0;
		};
		1F35B80729895AAF00772065 /* Sources */ = {
			isa = PBXSourcesBuildPhase;
			buildActionMask = 2147483647;
			files = (
				1F35B81029895AAF00772065 /* nopalesappUITests.swift in Sources */,
				1F35B81229895AAF00772065 /* nopalesappUITestsLaunchTests.swift in Sources */,
			);
			runOnlyForDeploymentPostprocessing = 0;
		};
/* End PBXSourcesBuildPhase section */

/* Begin PBXTargetDependency section */
		1F35B80329895AAF00772065 /* PBXTargetDependency */ = {
			isa = PBXTargetDependency;
			target = 1F35B7F029895AAD00772065 /* nopalesapp */;
			targetProxy = 1F35B80229895AAF00772065 /* PBXContainerItemProxy */;
		};
		1F35B80D29895AAF00772065 /* PBXTargetDependency */ = {
			isa = PBXTargetDependency;
			target = 1F35B7F029895AAD00772065 /* nopalesapp */;
			targetProxy = 1F35B80C29895AAF00772065 /* PBXContainerItemProxy */;
		};
/* End PBXTargetDependency section */

/* Begin XCBuildConfiguration section */
		1F35B81329895AAF00772065 /* Debug */ = {
			isa = XCBuildConfiguration;
			buildSettings = {
				ALWAYS_SEARCH_USER_PATHS = NO;
				CLANG_ANALYZER_NONNULL = YES;
				CLANG_ANALYZER_NUMBER_OBJECT_CONVERSION = YES_AGGRESSIVE;
				CLANG_CXX_LANGUAGE_STANDARD = "gnu++20";
				CLANG_ENABLE_MODULES = YES;
				CLANG_ENABLE_OBJC_ARC = YES;
				CLANG_ENABLE_OBJC_WEAK = YES;
				CLANG_WARN_BLOCK_CAPTURE_AUTORELEASING = YES;
				CLANG_WARN_BOOL_CONVERSION = YES;
				CLANG_WARN_COMMA = YES;
				CLANG_WARN_CONSTANT_CONVERSION = YES;
				CLANG_WARN_DEPRECATED_OBJC_IMPLEMENTATIONS = YES;
				CLANG_WARN_DIRECT_OBJC_ISA_USAGE = YES_ERROR;
				CLANG_WARN_DOCUMENTATION_COMMENTS = YES;
				CLANG_WARN_EMPTY_BODY = YES;
				CLANG_WARN_ENUM_CONVERSION = YES;
				CLANG_WARN_INFINITE_RECURSION = YES;
				CLANG_WARN_INT_CONVERSION = YES;
				CLANG_WARN_NON_LITERAL_NULL_CONVERSION = YES;
				CLANG_WARN_OBJC_IMPLICIT_RETAIN_SELF = YES;
				CLANG_WARN_OBJC_LITERAL_CONVERSION = YES;
				CLANG_WARN_OBJC_ROOT_CLASS = YES_ERROR;
				CLANG_WARN_QUOTED_INCLUDE_IN_FRAMEWORK_HEADER = YES;
				CLANG_WARN_RANGE_LOOP_ANALYSIS = YES;
				CLANG_WARN_STRICT_PROTOTYPES = YES;
				CLANG_WARN_SUSPICIOUS_MOVE = YES;
				CLANG_WARN_UNGUARDED_AVAILABILITY = YES_AGGRESSIVE;
				CLANG_WARN_UNREACHABLE_CODE = YES;
				CLANG_WARN__DUPLICATE_METHOD_MATCH = YES;
				COPY_PHASE_STRIP = NO;
				DEBUG_INFORMATION_FORMAT = dwarf;
				ENABLE_STRICT_OBJC_MSGSEND = YES;
				ENABLE_TESTABILITY = YES;
				GCC_C_LANGUAGE_STANDARD = gnu11;
				GCC_DYNAMIC_NO_PIC = NO;
				GCC_NO_COMMON_BLOCKS = YES;
				GCC_OPTIMIZATION_LEVEL = 0;
				GCC_PREPROCESSOR_DEFINITIONS = (
					"DEBUG=1",
					"$(inherited)",
				);
				GCC_WARN_64_TO_32_BIT_CONVERSION = YES;
				GCC_WARN_ABOUT_RETURN_TYPE = YES_ERROR;
				GCC_WARN_UNDECLARED_SELECTOR = YES;
				GCC_WARN_UNINITIALIZED_AUTOS = YES_AGGRESSIVE;
				GCC_WARN_UNUSED_FUNCTION = YES;
				GCC_WARN_UNUSED_VARIABLE = YES;
				IPHONEOS_DEPLOYMENT_TARGET = 16.2;
				MTL_ENABLE_DEBUG_INFO = INCLUDE_SOURCE;
				MTL_FAST_MATH = YES;
				ONLY_ACTIVE_ARCH = YES;
				SDKROOT = iphoneos;
				SWIFT_ACTIVE_COMPILATION_CONDITIONS = DEBUG;
				SWIFT_OPTIMIZATION_LEVEL = "-Onone";
			};
			name = Debug;
		};
		1F35B81429895AAF00772065 /* Release */ = {
			isa = XCBuildConfiguration;
			buildSettings = {
				ALWAYS_SEARCH_USER_PATHS = NO;
				CLANG_ANALYZER_NONNULL = YES;
				CLANG_ANALYZER_NUMBER_OBJECT_CONVERSION = YES_AGGRESSIVE;
				CLANG_CXX_LANGUAGE_STANDARD = "gnu++20";
				CLANG_ENABLE_MODULES = YES;
				CLANG_ENABLE_OBJC_ARC = YES;
				CLANG_ENABLE_OBJC_WEAK = YES;
				CLANG_WARN_BLOCK_CAPTURE_AUTORELEASING = YES;
				CLANG_WARN_BOOL_CONVERSION = YES;
				CLANG_WARN_COMMA = YES;
				CLANG_WARN_CONSTANT_CONVERSION = YES;
				CLANG_WARN_DEPRECATED_OBJC_IMPLEMENTATIONS = YES;
				CLANG_WARN_DIRECT_OBJC_ISA_USAGE = YES_ERROR;
				CLANG_WARN_DOCUMENTATION_COMMENTS = YES;
				CLANG_WARN_EMPTY_BODY = YES;
				CLANG_WARN_ENUM_CONVERSION = YES;
				CLANG_WARN_INFINITE_RECURSION = YES;
				CLANG_WARN_INT_CONVERSION = YES;
				CLANG_WARN_NON_LITERAL_NULL_CONVERSION = YES;
				CLANG_WARN_OBJC_IMPLICIT_RETAIN_SELF = YES;
				CLANG_WARN_OBJC_LITERAL_CONVERSION = YES;
				CLANG_WARN_OBJC_ROOT_CLASS = YES_ERROR;
				CLANG_WARN_QUOTED_INCLUDE_IN_FRAMEWORK_HEADER = YES;
				CLANG_WARN_RANGE_LOOP_ANALYSIS = YES;
				CLANG_WARN_STRICT_PROTOTYPES = YES;
				CLANG_WARN_SUSPICIOUS_MOVE = YES;
				CLANG_WARN_UNGUARDED_AVAILABILITY = YES_AGGRESSIVE;
				CLANG_WARN_UNREACHABLE_CODE = YES;
				CLANG_WARN__DUPLICATE_METHOD_MATCH = YES;
				COPY_PHASE_STRIP = NO;
				DEBUG_INFORMATION_FORMAT = "dwarf-with-dsym";
				ENABLE_NS_ASSERTIONS = NO;
				ENABLE_STRICT_OBJC_MSGSEND = YES;
				GCC_C_LANGUAGE_STANDARD = gnu11;
				GCC_NO_COMMON_BLOCKS = YES;
				GCC_WARN_64_TO_32_BIT_CONVERSION = YES;
				GCC_WARN_ABOUT_RETURN_TYPE = YES_ERROR;
				GCC_WARN_UNDECLARED_SELECTOR = YES;
				GCC_WARN_UNINITIALIZED_AUTOS = YES_AGGRESSIVE;
				GCC_WARN_UNUSED_FUNCTION = YES;
				GCC_WARN_UNUSED_VARIABLE = YES;
				IPHONEOS_DEPLOYMENT_TARGET = 16.2;
				MTL_ENABLE_DEBUG_INFO = NO;
				MTL_FAST_MATH = YES;
				SDKROOT = iphoneos;
				SWIFT_COMPILATION_MODE = wholemodule;
				SWIFT_OPTIMIZATION_LEVEL = "-O";
				VALIDATE_PRODUCT = YES;
			};
			name = Release;
		};
		1F35B81629895AAF00772065 /* Debug */ = {
			isa = XCBuildConfiguration;
			buildSettings = {
				ASSETCATALOG_COMPILER_APPICON_NAME = AppIcon;
				ASSETCATALOG_COMPILER_GLOBAL_ACCENT_COLOR_NAME = AccentColor;
				CODE_SIGN_STYLE = Automatic;
				CURRENT_PROJECT_VERSION = 1;
				DEVELOPMENT_ASSET_PATHS = "\"nopalesapp/Preview Content\"";
				ENABLE_PREVIEWS = YES;
				GENERATE_INFOPLIST_FILE = YES;
				INFOPLIST_KEY_UIApplicationSceneManifest_Generation = YES;
				INFOPLIST_KEY_UIApplicationSupportsIndirectInputEvents = YES;
				INFOPLIST_KEY_UILaunchScreen_Generation = YES;
				INFOPLIST_KEY_UISupportedInterfaceOrientations_iPad = "UIInterfaceOrientationPortrait UIInterfaceOrientationPortraitUpsideDown UIInterfaceOrientationLandscapeLeft UIInterfaceOrientationLandscapeRight";
				INFOPLIST_KEY_UISupportedInterfaceOrientations_iPhone = "UIInterfaceOrientationPortrait UIInterfaceOrientationLandscapeLeft UIInterfaceOrientationLandscapeRight";
				LD_RUNPATH_SEARCH_PATHS = (
					"$(inherited)",
					"@executable_path/Frameworks",
				);
				MARKETING_VERSION = 1.0;
				PRODUCT_BUNDLE_IDENTIFIER = camcode.nopalesapp;
				PRODUCT_NAME = "$(TARGET_NAME)";
				SWIFT_EMIT_LOC_STRINGS = YES;
				SWIFT_VERSION = 5.0;
				TARGETED_DEVICE_FAMILY = "1,2";
			};
			name = Debug;
		};
		1F35B81729895AAF00772065 /* Release */ = {
			isa = XCBuildConfiguration;
			buildSettings = {
				ASSETCATALOG_COMPILER_APPICON_NAME = AppIcon;
				ASSETCATALOG_COMPILER_GLOBAL_ACCENT_COLOR_NAME = AccentColor;
				CODE_SIGN_STYLE = Automatic;
				CURRENT_PROJECT_VERSION = 1;
				DEVELOPMENT_ASSET_PATHS = "\"nopalesapp/Preview Content\"";
				ENABLE_PREVIEWS = YES;
				GENERATE_INFOPLIST_FILE = YES;
				INFOPLIST_KEY_UIApplicationSceneManifest_Generation = YES;
				INFOPLIST_KEY_UIApplicationSupportsIndirectInputEvents = YES;
				INFOPLIST_KEY_UILaunchScreen_Generation = YES;
				INFOPLIST_KEY_UISupportedInterfaceOrientations_iPad = "UIInterfaceOrientationPortrait UIInterfaceOrientationPortraitUpsideDown UIInterfaceOrientationLandscapeLeft UIInterfaceOrientationLandscapeRight";
				INFOPLIST_KEY_UISupportedInterfaceOrientations_iPhone = "UIInterfaceOrientationPortrait UIInterfaceOrientationLandscapeLeft UIInterfaceOrientationLandscapeRight";
				LD_RUNPATH_SEARCH_PATHS = (
					"$(inherited)",
					"@executable_path/Frameworks",
				);
				MARKETING_VERSION = 1.0;
				PRODUCT_BUNDLE_IDENTIFIER = camcode.nopalesapp;
				PRODUCT_NAME = "$(TARGET_NAME)";
				SWIFT_EMIT_LOC_STRINGS = YES;
				SWIFT_VERSION = 5.0;
				TARGETED_DEVICE_FAMILY = "1,2";
			};
			name = Release;
		};
		1F35B81929895AAF00772065 /* Debug */ = {
			isa = XCBuildConfiguration;
			buildSettings = {
				ALWAYS_EMBED_SWIFT_STANDARD_LIBRARIES = YES;
				BUNDLE_LOADER = "$(TEST_HOST)";
				CODE_SIGN_STYLE = Automatic;
				CURRENT_PROJECT_VERSION = 1;
				GENERATE_INFOPLIST_FILE = YES;
				IPHONEOS_DEPLOYMENT_TARGET = 16.2;
				MARKETING_VERSION = 1.0;
				PRODUCT_BUNDLE_IDENTIFIER = camcode.nopalesappTests;
				PRODUCT_NAME = "$(TARGET_NAME)";
				SWIFT_EMIT_LOC_STRINGS = NO;
				SWIFT_VERSION = 5.0;
				TARGETED_DEVICE_FAMILY = "1,2";
				TEST_HOST = "$(BUILT_PRODUCTS_DIR)/nopalesapp.app/$(BUNDLE_EXECUTABLE_FOLDER_PATH)/nopalesapp";
			};
			name = Debug;
		};
		1F35B81A29895AAF00772065 /* Release */ = {
			isa = XCBuildConfiguration;
			buildSettings = {
				ALWAYS_EMBED_SWIFT_STANDARD_LIBRARIES = YES;
				BUNDLE_LOADER = "$(TEST_HOST)";
				CODE_SIGN_STYLE = Automatic;
				CURRENT_PROJECT_VERSION = 1;
				GENERATE_INFOPLIST_FILE = YES;
				IPHONEOS_DEPLOYMENT_TARGET = 16.2;
				MARKETING_VERSION = 1.0;
				PRODUCT_BUNDLE_IDENTIFIER = camcode.nopalesappTests;
				PRODUCT_NAME = "$(TARGET_NAME)";
				SWIFT_EMIT_LOC_STRINGS = NO;
				SWIFT_VERSION = 5.0;
				TARGETED_DEVICE_FAMILY = "1,2";
				TEST_HOST = "$(BUILT_PRODUCTS_DIR)/nopalesapp.app/$(BUNDLE_EXECUTABLE_FOLDER_PATH)/nopalesapp";
			};
			name = Release;
		};
		1F35B81C29895AAF00772065 /* Debug */ = {
			isa = XCBuildConfiguration;
			buildSettings = {
				ALWAYS_EMBED_SWIFT_STANDARD_LIBRARIES = YES;
				CODE_SIGN_STYLE = Automatic;
				CURRENT_PROJECT_VERSION = 1;
				GENERATE_INFOPLIST_FILE = YES;
				MARKETING_VERSION = 1.0;
				PRODUCT_BUNDLE_IDENTIFIER = camcode.nopalesappUITests;
				PRODUCT_NAME = "$(TARGET_NAME)";
				SWIFT_EMIT_LOC_STRINGS = NO;
				SWIFT_VERSION = 5.0;
				TARGETED_DEVICE_FAMILY = "1,2";
				TEST_TARGET_NAME = nopalesapp;
			};
			name = Debug;
		};
		1F35B81D29895AAF00772065 /* Release */ = {
			isa = XCBuildConfiguration;
			buildSettings = {
				ALWAYS_EMBED_SWIFT_STANDARD_LIBRARIES = YES;
				CODE_SIGN_STYLE = Automatic;
				CURRENT_PROJECT_VERSION = 1;
				GENERATE_INFOPLIST_FILE = YES;
				MARKETING_VERSION = 1.0;
				PRODUCT_BUNDLE_IDENTIFIER = camcode.nopalesappUITests;
				PRODUCT_NAME = "$(TARGET_NAME)";
				SWIFT_EMIT_LOC_STRINGS = NO;
				SWIFT_VERSION = 5.0;
				TARGETED_DEVICE_FAMILY = "1,2";
				TEST_TARGET_NAME = nopalesapp;
			};
			name = Release;
		};
/* End XCBuildConfiguration section */

/* Begin XCConfigurationList section */
		1F35B7EC29895AAD00772065 /* Build configuration list for PBXProject "nopalesapp" */ = {
			isa = XCConfigurationList;
			buildConfigurations = (
				1F35B81329895AAF00772065 /* Debug */,
				1F35B81429895AAF00772065 /* Release */,
			);
			defaultConfigurationIsVisible = 0;
			defaultConfigurationName = Release;
		};
		1F35B81529895AAF00772065 /* Build configuration list for PBXNativeTarget "nopalesapp" */ = {
			isa = XCConfigurationList;
			buildConfigurations = (
				1F35B81629895AAF00772065 /* Debug */,
				1F35B81729895AAF00772065 /* Release */,
			);
			defaultConfigurationIsVisible = 0;
			defaultConfigurationName = Release;
		};
		1F35B81829895AAF00772065 /* Build configuration list for PBXNativeTarget "nopalesappTests" */ = {
			isa = XCConfigurationList;
			buildConfigurations = (
				1F35B81929895AAF00772065 /* Debug */,
				1F35B81A29895AAF00772065 /* Release */,
			);
			defaultConfigurationIsVisible = 0;
			defaultConfigurationName = Release;
		};
		1F35B81B29895AAF00772065 /* Build configuration list for PBXNativeTarget "nopalesappUITests" */ = {
			isa = XCConfigurationList;
			buildConfigurations = (
				1F35B81C29895AAF00772065 /* Debug */,
				1F35B81D29895AAF00772065 /* Release */,
			);
			defaultConfigurationIsVisible = 0;
			defaultConfigurationName = Release;
		};
/* End XCConfigurationList section */
	};
	rootObject = 1F35B7E929895AAD00772065 /* Project object */;
}
